
Microsoft Visual Studio Solution File, Format Version 12.00
# Visual Studio 15
VisualStudioVersion = 15.0.27906.1
MinimumVisualStudioVersion = 10.0.40219.1
Project("{FAE04EC0-301F-11D3-BF4B-00C04F79EFBC}") = "TestAuthentication", "TestAuthentication\TestAuthentication.csproj", "{3DE3757F-2EE7-454A-8C2F-D413DD493AA7}"
EndProject
Project("{FAE04EC0-301F-11D3-BF4B-00C04F79EFBC}") = "TestAuthentication.Data", "TestAuthentication.Data\TestAuthentication.Data.csproj", "{D3E38925-4629-4AA5-9BCB-0AB2F65B804A}"
EndProject
Global
	GlobalSection(SolutionConfigurationPlatforms) = preSolution
		Debug|Any CPU = Debug|Any CPU
		Release|Any CPU = Release|Any CPU
	EndGlobalSection
	GlobalSection(ProjectConfigurationPlatforms) = postSolution
		{3DE3757F-2EE7-454A-8C2F-D413DD493AA7}.Debug|Any CPU.ActiveCfg = Debug|Any CPU
		{3DE3757F-2EE7-454A-8C2F-D413DD493AA7}.Debug|Any CPU.Build.0 = Debug|Any CPU
		{3DE3757F-2EE7-454A-8C2F-D413DD493AA7}.Release|Any CPU.ActiveCfg = Release|Any CPU
		{3DE3757F-2EE7-454A-8C2F-D413DD493AA7}.Release|Any CPU.Build.0 = Release|Any CPU
		{D3E38925-4629-4AA5-9BCB-0AB2F65B804A}.Debug|Any CPU.ActiveCfg = Debug|Any CPU
		{D3E38925-4629-4AA5-9BCB-0AB2F65B804A}.Debug|Any CPU.Build.0 = Debug|Any CPU
		{D3E38925-4629-4AA5-9BCB-0AB2F65B804A}.Release|Any CPU.ActiveCfg = Release|Any CPU
		{D3E38925-4629-4AA5-9BCB-0AB2F65B804A}.Release|Any CPU.Build.0 = Release|Any CPU
	EndGlobalSection
	GlobalSection(SolutionProperties) = preSolution
		HideSolutionNode = FALSE
	EndGlobalSection
	GlobalSection(ExtensibilityGlobals) = postSolution
		SolutionGuid = {C84E8E6E-7091-4615-AF05-C98A26D29672}
	EndGlobalSection
EndGlobal
